{
  "pins" : [
    {
      "identity" : "chalk",
      "kind" : "remoteSourceControl",
      "location" : "https://github.com/mxcl/Chalk",
      "state" : {
        "branch" : "master",
        "revision" : "a7f58e47a08ca5a84f73acc4bcf6c2c19d990609"
      }
    },
    {
      "identity" : "core",
      "kind" : "remoteSourceControl",
      "location" : "https://github.com/neutralradiance/core",
      "state" : {
        "branch" : "main",
        "revision" : "965b27519a940e329b875338b890653dd48c2691"
      }
    },
    {
      "identity" : "swift-atomics",
      "kind" : "remoteSourceControl",
      "location" : "https://github.com/apple/swift-atomics",
      "state" : {
        "revision" : "6c89474e62719ddcc1e9614989fff2f68208fe10",
        "version" : "1.1.0"
      }
    },
    {
      "identity" : "swift-collections",
      "kind" : "remoteSourceControl",
      "location" : "https://github.com/apple/swift-collections",
      "state" : {
        "branch" : "main",
        "revision" : "53a8adc54374f620002a3b6401d39e0feb3c57ae"
      }
    },
    {
      "identity" : "swift-numerics",
      "kind" : "remoteSourceControl",
      "location" : "https://github.com/apple/swift-numerics",
      "state" : {
        "branch" : "main",
        "revision" : "97c716ba37f8c79ed5ae20f9fd3c378360bd3cce"
      }
    }
  ],
  "version" : 2
}
