{
  "object": {
    "pins": [
      {
        "package": "Chalk",
        "repositoryURL": "https://github.com/mxcl/Chalk",
        "state": {
          "branch": "master",
          "revision": "a7f58e47a08ca5a84f73acc4bcf6c2c19d990609",
          "version": null
        }
      },
      {
        "package": "Configuration",
        "repositoryURL": "https://github.com/neutralradiance/configuration",
        "state": {
          "branch": "main",
          "revision": "d77b50873e4da891065ef720637308a6ae46b594",
          "version": null
        }
      },
      {
        "package": "Core",
        "repositoryURL": "https://github.com/neutralradiance/core",
        "state": {
          "branch": "main",
          "revision": "56e7ab00cb0dcc0a98f0efcd6381b040771fb28b",
          "version": null
        }
      },
      {
        "package": "OpenCombine",
        "repositoryURL": "https://github.com/OpenCombine/OpenCombine",
        "state": {
          "branch": "master",
          "revision": "ff31c4337524760d8f342ee0659cd4c4b080a82f",
          "version": null
        }
      },
      {
        "package": "swift-atomics",
        "repositoryURL": "https://github.com/apple/swift-atomics",
        "state": {
          "branch": "main",
          "revision": "6c89474e62719ddcc1e9614989fff2f68208fe10",
          "version": null
        }
      },
      {
        "package": "swift-collections",
        "repositoryURL": "https://github.com/apple/swift-collections",
        "state": {
          "branch": "main",
          "revision": "33504bdc159d076c4a84ecf08941c9e648f9a11c",
          "version": null
        }
      },
      {
        "package": "swift-numerics",
        "repositoryURL": "https://github.com/apple/swift-numerics",
        "state": {
          "branch": "main",
          "revision": "97c716ba37f8c79ed5ae20f9fd3c378360bd3cce",
          "version": null
        }
      }
    ]
  },
  "version": 1
}
